
Microsoft Visual Studio Solution File, Format Version 12.00
# Visual Studio Version 17
VisualStudioVersion = 17.7.34024.191
MinimumVisualStudioVersion = 10.0.40219.1
Project("{FAE04EC0-301F-11D3-BF4B-00C04F79EFBC}") = "Self-Study", "Self-Study\Self-Study.csproj", "{7E859E30-CBD2-4EE1-974F-CD8C7E613431}"
EndProject
Global
	GlobalSection(SolutionConfigurationPlatforms) = preSolution
		Debug|Any CPU = Debug|Any CPU
		Release|Any CPU = Release|Any CPU
	EndGlobalSection
	GlobalSection(ProjectConfigurationPlatforms) = postSolution
		{7E859E30-CBD2-4EE1-974F-CD8C7E613431}.Debug|Any CPU.ActiveCfg = Debug|Any CPU
		{7E859E30-CBD2-4EE1-974F-CD8C7E613431}.Debug|Any CPU.Build.0 = Debug|Any CPU
		{7E859E30-CBD2-4EE1-974F-CD8C7E613431}.Release|Any CPU.ActiveCfg = Release|Any CPU
		{7E859E30-CBD2-4EE1-974F-CD8C7E613431}.Release|Any CPU.Build.0 = Release|Any CPU
	EndGlobalSection
	GlobalSection(SolutionProperties) = preSolution
		HideSolutionNode = FALSE
	EndGlobalSection
	GlobalSection(ExtensibilityGlobals) = postSolution
		SolutionGuid = {025ED0B9-58F2-4B1C-9089-548F5D0BCF3D}
	EndGlobalSection
EndGlobal
